
Microsoft Visual Studio Solution File, Format Version 12.00
# Visual Studio Version 16
VisualStudioVersion = 16.0.31424.327
MinimumVisualStudioVersion = 10.0.40219.1
Project("{9A19103F-16F7-4668-BE54-9A1E7A4F7556}") = "SpheroCalculator", "Spherometr\SpheroCalculator.csproj", "{38852273-B8E6-4695-9D53-3F6D02D2BD7E}"
EndProject
Project("{9A19103F-16F7-4668-BE54-9A1E7A4F7556}") = "SpherometrTests", "SpherometrTests\SpherometrTests.csproj", "{F56D9A58-A75C-4313-AFC7-DEB9E081DB20}"
EndProject
Project("{FAE04EC0-301F-11D3-BF4B-00C04F79EFBC}") = "SpheroCalculatorLib", "SpheroCalculatorLib\SpheroCalculatorLib.csproj", "{3C9D7CC9-7C2D-4358-8371-1CB1EEB47EF0}"
EndProject
Global
	GlobalSection(SolutionConfigurationPlatforms) = preSolution
		Debug|Any CPU = Debug|Any CPU
		Release|Any CPU = Release|Any CPU
	EndGlobalSection
	GlobalSection(ProjectConfigurationPlatforms) = postSolution
		{38852273-B8E6-4695-9D53-3F6D02D2BD7E}.Debug|Any CPU.ActiveCfg = Debug|Any CPU
		{38852273-B8E6-4695-9D53-3F6D02D2BD7E}.Debug|Any CPU.Build.0 = Debug|Any CPU
		{38852273-B8E6-4695-9D53-3F6D02D2BD7E}.Release|Any CPU.ActiveCfg = Release|Any CPU
		{38852273-B8E6-4695-9D53-3F6D02D2BD7E}.Release|Any CPU.Build.0 = Release|Any CPU
		{F56D9A58-A75C-4313-AFC7-DEB9E081DB20}.Debug|Any CPU.ActiveCfg = Debug|Any CPU
		{F56D9A58-A75C-4313-AFC7-DEB9E081DB20}.Debug|Any CPU.Build.0 = Debug|Any CPU
		{F56D9A58-A75C-4313-AFC7-DEB9E081DB20}.Release|Any CPU.ActiveCfg = Release|Any CPU
		{F56D9A58-A75C-4313-AFC7-DEB9E081DB20}.Release|Any CPU.Build.0 = Release|Any CPU
		{3C9D7CC9-7C2D-4358-8371-1CB1EEB47EF0}.Debug|Any CPU.ActiveCfg = Debug|Any CPU
		{3C9D7CC9-7C2D-4358-8371-1CB1EEB47EF0}.Debug|Any CPU.Build.0 = Debug|Any CPU
		{3C9D7CC9-7C2D-4358-8371-1CB1EEB47EF0}.Release|Any CPU.ActiveCfg = Release|Any CPU
		{3C9D7CC9-7C2D-4358-8371-1CB1EEB47EF0}.Release|Any CPU.Build.0 = Release|Any CPU
	EndGlobalSection
	GlobalSection(SolutionProperties) = preSolution
		HideSolutionNode = FALSE
	EndGlobalSection
	GlobalSection(ExtensibilityGlobals) = postSolution
		SolutionGuid = {0ACB04E4-E3F2-45F2-B5C1-43F39A244613}
	EndGlobalSection
EndGlobal
